
Microsoft Visual Studio Solution File, Format Version 12.00
# Visual Studio Version 16
VisualStudioVersion = 16.0.30621.155
MinimumVisualStudioVersion = 10.0.40219.1
Project("{9A19103F-16F7-4668-BE54-9A1E7A4F7556}") = "RestaurantGuide.OrderFulfilment.Infrastructure", "RestaurantGuide.OrderFulfilment.Infrastructure\RestaurantGuide.OrderFulfilment.Infrastructure.csproj", "{411F6565-CF1D-4D86-81FC-5675542FC00F}"
EndProject
Project("{9A19103F-16F7-4668-BE54-9A1E7A4F7556}") = "RestaurantGuide.OrderFulfilment.Application", "RestaurantGuide.OrderFulfilment.Application\RestaurantGuide.OrderFulfilment.Application.csproj", "{0560997D-D34B-42EB-8A10-4427D3080724}"
EndProject
Project("{9A19103F-16F7-4668-BE54-9A1E7A4F7556}") = "RestaurantGuide.OrderFulfilment.Domain", "RestaurantGuide.OrderFulfilment.Domain\RestaurantGuide.OrderFulfilment.Domain.csproj", "{2D22B9D0-5EAE-4565-A2C2-DE5A87DD240C}"
EndProject
Project("{9A19103F-16F7-4668-BE54-9A1E7A4F7556}") = "RestaurantGuide.OrderFulfilment.API", "RestaurantGuide.OrderFulfilment.API\RestaurantGuide.OrderFulfilment.API.csproj", "{C85E88F1-4AF7-4EA5-920C-CED134B1C3B5}"
EndProject
Global
	GlobalSection(SolutionConfigurationPlatforms) = preSolution
		Debug|Any CPU = Debug|Any CPU
		Release|Any CPU = Release|Any CPU
	EndGlobalSection
	GlobalSection(ProjectConfigurationPlatforms) = postSolution
		{411F6565-CF1D-4D86-81FC-5675542FC00F}.Debug|Any CPU.ActiveCfg = Debug|Any CPU
		{411F6565-CF1D-4D86-81FC-5675542FC00F}.Debug|Any CPU.Build.0 = Debug|Any CPU
		{411F6565-CF1D-4D86-81FC-5675542FC00F}.Release|Any CPU.ActiveCfg = Release|Any CPU
		{411F6565-CF1D-4D86-81FC-5675542FC00F}.Release|Any CPU.Build.0 = Release|Any CPU
		{0560997D-D34B-42EB-8A10-4427D3080724}.Debug|Any CPU.ActiveCfg = Debug|Any CPU
		{0560997D-D34B-42EB-8A10-4427D3080724}.Debug|Any CPU.Build.0 = Debug|Any CPU
		{0560997D-D34B-42EB-8A10-4427D3080724}.Release|Any CPU.ActiveCfg = Release|Any CPU
		{0560997D-D34B-42EB-8A10-4427D3080724}.Release|Any CPU.Build.0 = Release|Any CPU
		{2D22B9D0-5EAE-4565-A2C2-DE5A87DD240C}.Debug|Any CPU.ActiveCfg = Debug|Any CPU
		{2D22B9D0-5EAE-4565-A2C2-DE5A87DD240C}.Debug|Any CPU.Build.0 = Debug|Any CPU
		{2D22B9D0-5EAE-4565-A2C2-DE5A87DD240C}.Release|Any CPU.ActiveCfg = Release|Any CPU
		{2D22B9D0-5EAE-4565-A2C2-DE5A87DD240C}.Release|Any CPU.Build.0 = Release|Any CPU
		{C85E88F1-4AF7-4EA5-920C-CED134B1C3B5}.Debug|Any CPU.ActiveCfg = Debug|Any CPU
		{C85E88F1-4AF7-4EA5-920C-CED134B1C3B5}.Debug|Any CPU.Build.0 = Debug|Any CPU
		{C85E88F1-4AF7-4EA5-920C-CED134B1C3B5}.Release|Any CPU.ActiveCfg = Release|Any CPU
		{C85E88F1-4AF7-4EA5-920C-CED134B1C3B5}.Release|Any CPU.Build.0 = Release|Any CPU
	EndGlobalSection
	GlobalSection(SolutionProperties) = preSolution
		HideSolutionNode = FALSE
	EndGlobalSection
	GlobalSection(ExtensibilityGlobals) = postSolution
		SolutionGuid = {8C551D87-7E10-42AC-A02A-ABDA8D93C359}
	EndGlobalSection
EndGlobal
